
Microsoft Visual Studio Solution File, Format Version 12.00
# Visual Studio Version 17
VisualStudioVersion = 17.3.32929.385
MinimumVisualStudioVersion = 10.0.40219.1
Project("{FAE04EC0-301F-11D3-BF4B-00C04F79EFBC}") = "Operadores", "Operadores\Operadores.csproj", "{9088F8D9-D859-42F9-9E10-A6B218472CA2}"
EndProject
Global
	GlobalSection(SolutionConfigurationPlatforms) = preSolution
		Debug|Any CPU = Debug|Any CPU
		Release|Any CPU = Release|Any CPU
	EndGlobalSection
	GlobalSection(ProjectConfigurationPlatforms) = postSolution
		{9088F8D9-D859-42F9-9E10-A6B218472CA2}.Debug|Any CPU.ActiveCfg = Debug|Any CPU
		{9088F8D9-D859-42F9-9E10-A6B218472CA2}.Debug|Any CPU.Build.0 = Debug|Any CPU
		{9088F8D9-D859-42F9-9E10-A6B218472CA2}.Release|Any CPU.ActiveCfg = Release|Any CPU
		{9088F8D9-D859-42F9-9E10-A6B218472CA2}.Release|Any CPU.Build.0 = Release|Any CPU
	EndGlobalSection
	GlobalSection(SolutionProperties) = preSolution
		HideSolutionNode = FALSE
	EndGlobalSection
	GlobalSection(ExtensibilityGlobals) = postSolution
		SolutionGuid = {FC15A35E-B9C7-493B-A8E9-431730F23467}
	EndGlobalSection
EndGlobal
