
Microsoft Visual Studio Solution File, Format Version 12.00
# Visual Studio Version 17
VisualStudioVersion = 17.3.32929.385
MinimumVisualStudioVersion = 10.0.40219.1
Project("{FAE04EC0-301F-11D3-BF4B-00C04F79EFBC}") = "CalcularMedia", "CalcularMedia\CalcularMedia.csproj", "{047197A1-C7BC-4497-A31A-1A93201ECE47}"
EndProject
Global
	GlobalSection(SolutionConfigurationPlatforms) = preSolution
		Debug|Any CPU = Debug|Any CPU
		Release|Any CPU = Release|Any CPU
	EndGlobalSection
	GlobalSection(ProjectConfigurationPlatforms) = postSolution
		{047197A1-C7BC-4497-A31A-1A93201ECE47}.Debug|Any CPU.ActiveCfg = Debug|Any CPU
		{047197A1-C7BC-4497-A31A-1A93201ECE47}.Debug|Any CPU.Build.0 = Debug|Any CPU
		{047197A1-C7BC-4497-A31A-1A93201ECE47}.Release|Any CPU.ActiveCfg = Release|Any CPU
		{047197A1-C7BC-4497-A31A-1A93201ECE47}.Release|Any CPU.Build.0 = Release|Any CPU
	EndGlobalSection
	GlobalSection(SolutionProperties) = preSolution
		HideSolutionNode = FALSE
	EndGlobalSection
	GlobalSection(ExtensibilityGlobals) = postSolution
		SolutionGuid = {78C41037-323D-491A-ACA9-1F2889627910}
	EndGlobalSection
EndGlobal
